{
  "name": "vm-monitoring-frontend",
  "version": "1.0.0",
  "lockfileVersion": 3,
  "requires": true,
  "packages": {
    "": {
      "name": "vm-monitoring-frontend",
      "version": "1.0.0",
      "dependencies": {
        "react": "^18.2.0",
        "react-dom": "^18.2.0",
        "axios": "^1.6.2"
      },
      "devDependencies": {
        "@types/react": "^18.2.0",
        "@types/react-dom": "^18.2.0",
        "@types/node": "^20.0.0",
        "typescript": "^5.2.0",
        "react-scripts": "5.0.1"
      }
    }
  }
}
